
Microsoft Visual Studio Solution File, Format Version 12.00
# Visual Studio Version 17
VisualStudioVersion = 17.0.32002.185
MinimumVisualStudioVersion = 10.0.40219.1
Project("{888888A0-9F3D-457C-B088-3A5042F75D52}") = "Coffee Machine", "Coffee Machine.pyproj", "{6A8CCD05-7350-4F05-B30E-7D7279652751}"
EndProject
Global
	GlobalSection(SolutionConfigurationPlatforms) = preSolution
		Debug|Any CPU = Debug|Any CPU
		Release|Any CPU = Release|Any CPU
	EndGlobalSection
	GlobalSection(ProjectConfigurationPlatforms) = postSolution
		{6A8CCD05-7350-4F05-B30E-7D7279652751}.Debug|Any CPU.ActiveCfg = Debug|Any CPU
		{6A8CCD05-7350-4F05-B30E-7D7279652751}.Release|Any CPU.ActiveCfg = Release|Any CPU
	EndGlobalSection
	GlobalSection(SolutionProperties) = preSolution
		HideSolutionNode = FALSE
	EndGlobalSection
	GlobalSection(ExtensibilityGlobals) = postSolution
		SolutionGuid = {CB095D08-409A-4890-AE0C-E07BB7627727}
	EndGlobalSection
EndGlobal
